
Microsoft Visual Studio Solution File, Format Version 12.00
# Visual Studio Version 17
VisualStudioVersion = 17.8.34322.80
MinimumVisualStudioVersion = 10.0.40219.1
Project("{FAE04EC0-301F-11D3-BF4B-00C04F79EFBC}") = "Domain", "Domain\Domain.csproj", "{9BB66FE7-0697-40A5-9804-9B3B6EC2E73D}"
EndProject
Project("{FAE04EC0-301F-11D3-BF4B-00C04F79EFBC}") = "Infrastructure", "Infrastructure\Infrastructure.csproj", "{441114F0-D121-4B87-9958-B1DFAF0F82EC}"
EndProject
Project("{FAE04EC0-301F-11D3-BF4B-00C04F79EFBC}") = "Application", "Application\Application.csproj", "{D189FCFE-91FF-44C6-B999-CAE49DB503E7}"
EndProject
Project("{FAE04EC0-301F-11D3-BF4B-00C04F79EFBC}") = "Web.Api", "Web.Api\Web.Api.csproj", "{CE54E0CC-B23D-4B42-96BF-33077859EC32}"
EndProject
Global
	GlobalSection(SolutionConfigurationPlatforms) = preSolution
		Debug|Any CPU = Debug|Any CPU
		Release|Any CPU = Release|Any CPU
	EndGlobalSection
	GlobalSection(ProjectConfigurationPlatforms) = postSolution
		{9BB66FE7-0697-40A5-9804-9B3B6EC2E73D}.Debug|Any CPU.ActiveCfg = Debug|Any CPU
		{9BB66FE7-0697-40A5-9804-9B3B6EC2E73D}.Debug|Any CPU.Build.0 = Debug|Any CPU
		{9BB66FE7-0697-40A5-9804-9B3B6EC2E73D}.Release|Any CPU.ActiveCfg = Release|Any CPU
		{9BB66FE7-0697-40A5-9804-9B3B6EC2E73D}.Release|Any CPU.Build.0 = Release|Any CPU
		{441114F0-D121-4B87-9958-B1DFAF0F82EC}.Debug|Any CPU.ActiveCfg = Debug|Any CPU
		{441114F0-D121-4B87-9958-B1DFAF0F82EC}.Debug|Any CPU.Build.0 = Debug|Any CPU
		{441114F0-D121-4B87-9958-B1DFAF0F82EC}.Release|Any CPU.ActiveCfg = Release|Any CPU
		{441114F0-D121-4B87-9958-B1DFAF0F82EC}.Release|Any CPU.Build.0 = Release|Any CPU
		{D189FCFE-91FF-44C6-B999-CAE49DB503E7}.Debug|Any CPU.ActiveCfg = Debug|Any CPU
		{D189FCFE-91FF-44C6-B999-CAE49DB503E7}.Debug|Any CPU.Build.0 = Debug|Any CPU
		{D189FCFE-91FF-44C6-B999-CAE49DB503E7}.Release|Any CPU.ActiveCfg = Release|Any CPU
		{D189FCFE-91FF-44C6-B999-CAE49DB503E7}.Release|Any CPU.Build.0 = Release|Any CPU
		{CE54E0CC-B23D-4B42-96BF-33077859EC32}.Debug|Any CPU.ActiveCfg = Debug|Any CPU
		{CE54E0CC-B23D-4B42-96BF-33077859EC32}.Debug|Any CPU.Build.0 = Debug|Any CPU
		{CE54E0CC-B23D-4B42-96BF-33077859EC32}.Release|Any CPU.ActiveCfg = Release|Any CPU
		{CE54E0CC-B23D-4B42-96BF-33077859EC32}.Release|Any CPU.Build.0 = Release|Any CPU
	EndGlobalSection
	GlobalSection(SolutionProperties) = preSolution
		HideSolutionNode = FALSE
	EndGlobalSection
	GlobalSection(ExtensibilityGlobals) = postSolution
		SolutionGuid = {33730EA3-AC9D-4033-B20C-142A98134407}
	EndGlobalSection
EndGlobal
